// !$*UTF8*$!
{
	archiveVersion = 1;
	classes = {
	};
	objectVersion = 50;
	objects = {

/* Begin PBXBuildFile section */
		16C106EA20617E4F00935285 /* AppDelegate.swift in Sources */ = {isa = PBXBuildFile; fileRef = 16C106E920617E4F00935285 /* AppDelegate.swift */; };
		16C106EC20617E4F00935285 /* ObservationsViewController.swift in Sources */ = {isa = PBXBuildFile; fileRef = 16C106EB20617E4F00935285 /* ObservationsViewController.swift */; };
		16C106EF20617E4F00935285 /* Main.storyboard in Resources */ = {isa = PBXBuildFile; fileRef = 16C106ED20617E4F00935285 /* Main.storyboard */; };
		16C106F420617E5100935285 /* Assets.xcassets in Resources */ = {isa = PBXBuildFile; fileRef = 16C106F320617E5100935285 /* Assets.xcassets */; };
		16C106F720617E5100935285 /* LaunchScreen.storyboard in Resources */ = {isa = PBXBuildFile; fileRef = 16C106F520617E5100935285 /* LaunchScreen.storyboard */; };
		16C1070220617E5100935285 /* FieldObservationsTests.swift in Sources */ = {isa = PBXBuildFile; fileRef = 16C1070120617E5100935285 /* FieldObservationsTests.swift */; };
		16C1070D20617E5100935285 /* FieldObservationsUITests.swift in Sources */ = {isa = PBXBuildFile; fileRef = 16C1070C20617E5100935285 /* FieldObservationsUITests.swift */; };
		16CAD8E321019B3E004A9F60 /* Classification.swift in Sources */ = {isa = PBXBuildFile; fileRef = 16CAD8E221019B3E004A9F60 /* Classification.swift */; };
		16CAD8E521019BA8004A9F60 /* FieldObservation.swift in Sources */ = {isa = PBXBuildFile; fileRef = 16CAD8E421019BA8004A9F60 /* FieldObservation.swift */; };
		16CAD8E721019D2B004A9F60 /* ObservationLoader.swift in Sources */ = {isa = PBXBuildFile; fileRef = 16CAD8E621019D2B004A9F60 /* ObservationLoader.swift */; };
		16CAD8E92101A315004A9F60 /* ObservationTableViewCell.swift in Sources */ = {isa = PBXBuildFile; fileRef = 16CAD8E82101A315004A9F60 /* ObservationTableViewCell.swift */; };
		16CAD8EB2101A399004A9F60 /* ObservationViewController.swift in Sources */ = {isa = PBXBuildFile; fileRef = 16CAD8EA2101A399004A9F60 /* ObservationViewController.swift */; };
		16CAD8ED2101A4A3004A9F60 /* field_observations.json in Resources */ = {isa = PBXBuildFile; fileRef = 16CAD8EC2101A4A3004A9F60 /* field_observations.json */; };
/* End PBXBuildFile section */

/* Begin PBXContainerItemProxy section */
		16C106FE20617E5100935285 /* PBXContainerItemProxy */ = {
			isa = PBXContainerItemProxy;
			containerPortal = 16C106DE20617E4F00935285 /* Project object */;
			proxyType = 1;
			remoteGlobalIDString = 16C106E520617E4F00935285;
			remoteInfo = FieldObservations;
		};
		16C1070920617E5100935285 /* PBXContainerItemProxy */ = {
			isa = PBXContainerItemProxy;
			containerPortal = 16C106DE20617E4F00935285 /* Project object */;
			proxyType = 1;
			remoteGlobalIDString = 16C106E520617E4F00935285;
			remoteInfo = FieldObservations;
		};
/* End PBXContainerItemProxy section */

/* Begin PBXFileReference section */
		16C106E620617E4F00935285 /* FieldObservations.app */ = {isa = PBXFileReference; explicitFileType = wrapper.application; includeInIndex = 0; path = FieldObservations.app; sourceTree = BUILT_PRODUCTS_DIR; };
		16C106E920617E4F00935285 /* AppDelegate.swift */ = {isa = PBXFileReference; lastKnownFileType = sourcecode.swift; path = AppDelegate.swift; sourceTree = "<group>"; };
		16C106EB20617E4F00935285 /* ObservationsViewController.swift */ = {isa = PBXFileReference; lastKnownFileType = sourcecode.swift; path = ObservationsViewController.swift; sourceTree = "<group>"; };
		16C106EE20617E4F00935285 /* Base */ = {isa = PBXFileReference; lastKnownFileType = file.storyboard; name = Base; path = Base.lproj/Main.storyboard; sourceTree = "<group>"; };
		16C106F320617E5100935285 /* Assets.xcassets */ = {isa = PBXFileReference; lastKnownFileType = folder.assetcatalog; path = Assets.xcassets; sourceTree = "<group>"; };
		16C106F620617E5100935285 /* Base */ = {isa = PBXFileReference; lastKnownFileType = file.storyboard; name = Base; path = Base.lproj/LaunchScreen.storyboard; sourceTree = "<group>"; };
		16C106F820617E5100935285 /* Info.plist */ = {isa = PBXFileReference; lastKnownFileType = text.plist.xml; path = Info.plist; sourceTree = "<group>"; };
		16C106FD20617E5100935285 /* FieldObservationsTests.xctest */ = {isa = PBXFileReference; explicitFileType = wrapper.cfbundle; includeInIndex = 0; path = FieldObservationsTests.xctest; sourceTree = BUILT_PRODUCTS_DIR; };
		16C1070120617E5100935285 /* FieldObservationsTests.swift */ = {isa = PBXFileReference; lastKnownFileType = sourcecode.swift; path = FieldObservationsTests.swift; sourceTree = "<group>"; };
		16C1070320617E5100935285 /* Info.plist */ = {isa = PBXFileReference; lastKnownFileType = text.plist.xml; path = Info.plist; sourceTree = "<group>"; };
		16C1070820617E5100935285 /* FieldObservationsUITests.xctest */ = {isa = PBXFileReference; explicitFileType = wrapper.cfbundle; includeInIndex = 0; path = FieldObservationsUITests.xctest; sourceTree = BUILT_PRODUCTS_DIR; };
		16C1070C20617E5100935285 /* FieldObservationsUITests.swift */ = {isa = PBXFileReference; lastKnownFileType = sourcecode.swift; path = FieldObservationsUITests.swift; sourceTree = "<group>"; };
		16C1070E20617E5100935285 /* Info.plist */ = {isa = PBXFileReference; lastKnownFileType = text.plist.xml; path = Info.plist; sourceTree = "<group>"; };
		16CAD8E221019B3E004A9F60 /* Classification.swift */ = {isa = PBXFileReference; lastKnownFileType = sourcecode.swift; path = Classification.swift; sourceTree = "<group>"; };
		16CAD8E421019BA8004A9F60 /* FieldObservation.swift */ = {isa = PBXFileReference; lastKnownFileType = sourcecode.swift; path = FieldObservation.swift; sourceTree = "<group>"; };
		16CAD8E621019D2B004A9F60 /* ObservationLoader.swift */ = {isa = PBXFileReference; lastKnownFileType = sourcecode.swift; path = ObservationLoader.swift; sourceTree = "<group>"; };
		16CAD8E82101A315004A9F60 /* ObservationTableViewCell.swift */ = {isa = PBXFileReference; lastKnownFileType = sourcecode.swift; path = ObservationTableViewCell.swift; sourceTree = "<group>"; };
		16CAD8EA2101A399004A9F60 /* ObservationViewController.swift */ = {isa = PBXFileReference; lastKnownFileType = sourcecode.swift; path = ObservationViewController.swift; sourceTree = "<group>"; };
		16CAD8EC2101A4A3004A9F60 /* field_observations.json */ = {isa = PBXFileReference; fileEncoding = 4; lastKnownFileType = text.json; path = field_observations.json; sourceTree = "<group>"; };
/* End PBXFileReference section */

/* Begin PBXFrameworksBuildPhase section */
		16C106E320617E4F00935285 /* Frameworks */ = {
			isa = PBXFrameworksBuildPhase;
			buildActionMask = 2147483647;
			files = (
			);
			runOnlyForDeploymentPostprocessing = 0;
		};
		16C106FA20617E5100935285 /* Frameworks */ = {
			isa = PBXFrameworksBuildPhase;
			buildActionMask = 2147483647;
			files = (
			);
			runOnlyForDeploymentPostprocessing = 0;
		};
		16C1070520617E5100935285 /* Frameworks */ = {
			isa = PBXFrameworksBuildPhase;
			buildActionMask = 2147483647;
			files = (
			);
			runOnlyForDeploymentPostprocessing = 0;
		};
/* End PBXFrameworksBuildPhase section */

/* Begin PBXGroup section */
		16C106DD20617E4F00935285 = {
			isa = PBXGroup;
			children = (
				16C106E820617E4F00935285 /* FieldObservations */,
				16C1070020617E5100935285 /* FieldObservationsTests */,
				16C1070B20617E5100935285 /* FieldObservationsUITests */,
				16C106E720617E4F00935285 /* Products */,
			);
			sourceTree = "<group>";
		};
		16C106E720617E4F00935285 /* Products */ = {
			isa = PBXGroup;
			children = (
				16C106E620617E4F00935285 /* FieldObservations.app */,
				16C106FD20617E5100935285 /* FieldObservationsTests.xctest */,
				16C1070820617E5100935285 /* FieldObservationsUITests.xctest */,
			);
			name = Products;
			sourceTree = "<group>";
		};
		16C106E820617E4F00935285 /* FieldObservations */ = {
			isa = PBXGroup;
			children = (
				16CAD8E121019B2E004A9F60 /* Model */,
				16C106E920617E4F00935285 /* AppDelegate.swift */,
				16C106EB20617E4F00935285 /* ObservationsViewController.swift */,
				16C106ED20617E4F00935285 /* Main.storyboard */,
				16CAD8EA2101A399004A9F60 /* ObservationViewController.swift */,
				16CAD8E82101A315004A9F60 /* ObservationTableViewCell.swift */,
				16C106F320617E5100935285 /* Assets.xcassets */,
				16C106F520617E5100935285 /* LaunchScreen.storyboard */,
				16C106F820617E5100935285 /* Info.plist */,
			);
			path = FieldObservations;
			sourceTree = "<group>";
		};
		16C1070020617E5100935285 /* FieldObservationsTests */ = {
			isa = PBXGroup;
			children = (
				16C1070120617E5100935285 /* FieldObservationsTests.swift */,
				16C1070320617E5100935285 /* Info.plist */,
			);
			path = FieldObservationsTests;
			sourceTree = "<group>";
		};
		16C1070B20617E5100935285 /* FieldObservationsUITests */ = {
			isa = PBXGroup;
			children = (
				16C1070C20617E5100935285 /* FieldObservationsUITests.swift */,
				16C1070E20617E5100935285 /* Info.plist */,
			);
			path = FieldObservationsUITests;
			sourceTree = "<group>";
		};
		16CAD8E121019B2E004A9F60 /* Model */ = {
			isa = PBXGroup;
			children = (
				16CAD8EC2101A4A3004A9F60 /* field_observations.json */,
				16CAD8E221019B3E004A9F60 /* Classification.swift */,
				16CAD8E421019BA8004A9F60 /* FieldObservation.swift */,
				16CAD8E621019D2B004A9F60 /* ObservationLoader.swift */,
			);
			path = Model;
			sourceTree = "<group>";
		};
/* End PBXGroup section */

/* Begin PBXNativeTarget section */
		16C106E520617E4F00935285 /* FieldObservations */ = {
			isa = PBXNativeTarget;
			buildConfigurationList = 16C1071120617E5100935285 /* Build configuration list for PBXNativeTarget "FieldObservations" */;
			buildPhases = (
				16C106E220617E4F00935285 /* Sources */,
				16C106E320617E4F00935285 /* Frameworks */,
				16C106E420617E4F00935285 /* Resources */,
			);
			buildRules = (
			);
			dependencies = (
			);
			name = FieldObservations;
			productName = FieldObservations;
			productReference = 16C106E620617E4F00935285 /* FieldObservations.app */;
			productType = "com.apple.product-type.application";
		};
		16C106FC20617E5100935285 /* FieldObservationsTests */ = {
			isa = PBXNativeTarget;
			buildConfigurationList = 16C1071420617E5100935285 /* Build configuration list for PBXNativeTarget "FieldObservationsTests" */;
			buildPhases = (
				16C106F920617E5100935285 /* Sources */,
				16C106FA20617E5100935285 /* Frameworks */,
				16C106FB20617E5100935285 /* Resources */,
			);
			buildRules = (
			);
			dependencies = (
				16C106FF20617E5100935285 /* PBXTargetDependency */,
			);
			name = FieldObservationsTests;
			productName = FieldObservationsTests;
			productReference = 16C106FD20617E5100935285 /* FieldObservationsTests.xctest */;
			productType = "com.apple.product-type.bundle.unit-test";
		};
		16C1070720617E5100935285 /* FieldObservationsUITests */ = {
			isa = PBXNativeTarget;
			buildConfigurationList = 16C1071720617E5100935285 /* Build configuration list for PBXNativeTarget "FieldObservationsUITests" */;
			buildPhases = (
				16C1070420617E5100935285 /* Sources */,
				16C1070520617E5100935285 /* Frameworks */,
				16C1070620617E5100935285 /* Resources */,
			);
			buildRules = (
			);
			dependencies = (
				16C1070A20617E5100935285 /* PBXTargetDependency */,
			);
			name = FieldObservationsUITests;
			productName = FieldObservationsUITests;
			productReference = 16C1070820617E5100935285 /* FieldObservationsUITests.xctest */;
			productType = "com.apple.product-type.bundle.ui-testing";
		};
/* End PBXNativeTarget section */

/* Begin PBXProject section */
		16C106DE20617E4F00935285 /* Project object */ = {
			isa = PBXProject;
			attributes = {
				LastSwiftUpdateCheck = 0930;
				LastUpgradeCheck = 0930;
				ORGANIZATIONNAME = "Jacob Sokora";
				TargetAttributes = {
					16C106E520617E4F00935285 = {
						CreatedOnToolsVersion = 9.3;
					};
					16C106FC20617E5100935285 = {
						CreatedOnToolsVersion = 9.3;
						TestTargetID = 16C106E520617E4F00935285;
					};
					16C1070720617E5100935285 = {
						CreatedOnToolsVersion = 9.3;
						TestTargetID = 16C106E520617E4F00935285;
					};
				};
			};
			buildConfigurationList = 16C106E120617E4F00935285 /* Build configuration list for PBXProject "FieldObservations" */;
			compatibilityVersion = "Xcode 9.3";
			developmentRegion = en;
			hasScannedForEncodings = 0;
			knownRegions = (
				en,
				Base,
			);
			mainGroup = 16C106DD20617E4F00935285;
			productRefGroup = 16C106E720617E4F00935285 /* Products */;
			projectDirPath = "";
			projectRoot = "";
			targets = (
				16C106E520617E4F00935285 /* FieldObservations */,
				16C106FC20617E5100935285 /* FieldObservationsTests */,
				16C1070720617E5100935285 /* FieldObservationsUITests */,
			);
		};
/* End PBXProject section */

/* Begin PBXResourcesBuildPhase section */
		16C106E420617E4F00935285 /* Resources */ = {
			isa = PBXResourcesBuildPhase;
			buildActionMask = 2147483647;
			files = (
				16CAD8ED2101A4A3004A9F60 /* field_observations.json in Resources */,
				16C106F720617E5100935285 /* LaunchScreen.storyboard in Resources */,
				16C106F420617E5100935285 /* Assets.xcassets in Resources */,
				16C106EF20617E4F00935285 /* Main.storyboard in Resources */,
			);
			runOnlyForDeploymentPostprocessing = 0;
		};
		16C106FB20617E5100935285 /* Resources */ = {
			isa = PBXResourcesBuildPhase;
			buildActionMask = 2147483647;
			files = (
			);
			runOnlyForDeploymentPostprocessing = 0;
		};
		16C1070620617E5100935285 /* Resources */ = {
			isa = PBXResourcesBuildPhase;
			buildActionMask = 2147483647;
			files = (
			);
			runOnlyForDeploymentPostprocessing = 0;
		};
/* End PBXResourcesBuildPhase section */

/* Begin PBXSourcesBuildPhase section */
		16C106E220617E4F00935285 /* Sources */ = {
			isa = PBXSourcesBuildPhase;
			buildActionMask = 2147483647;
			files = (
				16CAD8EB2101A399004A9F60 /* ObservationViewController.swift in Sources */,
				16C106EC20617E4F00935285 /* ObservationsViewController.swift in Sources */,
				16CAD8E521019BA8004A9F60 /* FieldObservation.swift in Sources */,
				16CAD8E721019D2B004A9F60 /* ObservationLoader.swift in Sources */,
				16C106EA20617E4F00935285 /* AppDelegate.swift in Sources */,
				16CAD8E92101A315004A9F60 /* ObservationTableViewCell.swift in Sources */,
				16CAD8E321019B3E004A9F60 /* Classification.swift in Sources */,
			);
			runOnlyForDeploymentPostprocessing = 0;
		};
		16C106F920617E5100935285 /* Sources */ = {
			isa = PBXSourcesBuildPhase;
			buildActionMask = 2147483647;
			files = (
				16C1070220617E5100935285 /* FieldObservationsTests.swift in Sources */,
			);
			runOnlyForDeploymentPostprocessing = 0;
		};
		16C1070420617E5100935285 /* Sources */ = {
			isa = PBXSourcesBuildPhase;
			buildActionMask = 2147483647;
			files = (
				16C1070D20617E5100935285 /* FieldObservationsUITests.swift in Sources */,
			);
			runOnlyForDeploymentPostprocessing = 0;
		};
/* End PBXSourcesBuildPhase section */

/* Begin PBXTargetDependency section */
		16C106FF20617E5100935285 /* PBXTargetDependency */ = {
			isa = PBXTargetDependency;
			target = 16C106E520617E4F00935285 /* FieldObservations */;
			targetProxy = 16C106FE20617E5100935285 /* PBXContainerItemProxy */;
		};
		16C1070A20617E5100935285 /* PBXTargetDependency */ = {
			isa = PBXTargetDependency;
			target = 16C106E520617E4F00935285 /* FieldObservations */;
			targetProxy = 16C1070920617E5100935285 /* PBXContainerItemProxy */;
		};
/* End PBXTargetDependency section */

/* Begin PBXVariantGroup section */
		16C106ED20617E4F00935285 /* Main.storyboard */ = {
			isa = PBXVariantGroup;
			children = (
				16C106EE20617E4F00935285 /* Base */,
			);
			name = Main.storyboard;
			sourceTree = "<group>";
		};
		16C106F520617E5100935285 /* LaunchScreen.storyboard */ = {
			isa = PBXVariantGroup;
			children = (
				16C106F620617E5100935285 /* Base */,
			);
			name = LaunchScreen.storyboard;
			sourceTree = "<group>";
		};
/* End PBXVariantGroup section */

/* Begin XCBuildConfiguration section */
		16C1070F20617E5100935285 /* Debug */ = {
			isa = XCBuildConfiguration;
			buildSettings = {
				ALWAYS_SEARCH_USER_PATHS = NO;
				CLANG_ANALYZER_NONNULL = YES;
				CLANG_ANALYZER_NUMBER_OBJECT_CONVERSION = YES_AGGRESSIVE;
				CLANG_CXX_LANGUAGE_STANDARD = "gnu++14";
				CLANG_CXX_LIBRARY = "libc++";
				CLANG_ENABLE_MODULES = YES;
				CLANG_ENABLE_OBJC_ARC = YES;
				CLANG_ENABLE_OBJC_WEAK = YES;
				CLANG_WARN_BLOCK_CAPTURE_AUTORELEASING = YES;
				CLANG_WARN_BOOL_CONVERSION = YES;
				CLANG_WARN_COMMA = YES;
				CLANG_WARN_CONSTANT_CONVERSION = YES;
				CLANG_WARN_DEPRECATED_OBJC_IMPLEMENTATIONS = YES;
				CLANG_WARN_DIRECT_OBJC_ISA_USAGE = YES_ERROR;
				CLANG_WARN_DOCUMENTATION_COMMENTS = YES;
				CLANG_WARN_EMPTY_BODY = YES;
				CLANG_WARN_ENUM_CONVERSION = YES;
				CLANG_WARN_INFINITE_RECURSION = YES;
				CLANG_WARN_INT_CONVERSION = YES;
				CLANG_WARN_NON_LITERAL_NULL_CONVERSION = YES;
				CLANG_WARN_OBJC_IMPLICIT_RETAIN_SELF = YES;
				CLANG_WARN_OBJC_LITERAL_CONVERSION = YES;
				CLANG_WARN_OBJC_ROOT_CLASS = YES_ERROR;
				CLANG_WARN_RANGE_LOOP_ANALYSIS = YES;
				CLANG_WARN_STRICT_PROTOTYPES = YES;
				CLANG_WARN_SUSPICIOUS_MOVE = YES;
				CLANG_WARN_UNGUARDED_AVAILABILITY = YES_AGGRESSIVE;
				CLANG_WARN_UNREACHABLE_CODE = YES;
				CLANG_WARN__DUPLICATE_METHOD_MATCH = YES;
				CODE_SIGN_IDENTITY = "iPhone Developer";
				COPY_PHASE_STRIP = NO;
				DEBUG_INFORMATION_FORMAT = dwarf;
				ENABLE_STRICT_OBJC_MSGSEND = YES;
				ENABLE_TESTABILITY = YES;
				GCC_C_LANGUAGE_STANDARD = gnu11;
				GCC_DYNAMIC_NO_PIC = NO;
				GCC_NO_COMMON_BLOCKS = YES;
				GCC_OPTIMIZATION_LEVEL = 0;
				GCC_PREPROCESSOR_DEFINITIONS = (
					"DEBUG=1",
					"$(inherited)",
				);
				GCC_WARN_64_TO_32_BIT_CONVERSION = YES;
				GCC_WARN_ABOUT_RETURN_TYPE = YES_ERROR;
				GCC_WARN_UNDECLARED_SELECTOR = YES;
				GCC_WARN_UNINITIALIZED_AUTOS = YES_AGGRESSIVE;
				GCC_WARN_UNUSED_FUNCTION = YES;
				GCC_WARN_UNUSED_VARIABLE = YES;
				IPHONEOS_DEPLOYMENT_TARGET = 11.3;
				MTL_ENABLE_DEBUG_INFO = YES;
				ONLY_ACTIVE_ARCH = YES;
				SDKROOT = iphoneos;
				SWIFT_ACTIVE_COMPILATION_CONDITIONS = DEBUG;
				SWIFT_OPTIMIZATION_LEVEL = "-Onone";
			};
			name = Debug;
		};
		16C1071020617E5100935285 /* Release */ = {
			isa = XCBuildConfiguration;
			buildSettings = {
				ALWAYS_SEARCH_USER_PATHS = NO;
				CLANG_ANALYZER_NONNULL = YES;
				CLANG_ANALYZER_NUMBER_OBJECT_CONVERSION = YES_AGGRESSIVE;
				CLANG_CXX_LANGUAGE_STANDARD = "gnu++14";
				CLANG_CXX_LIBRARY = "libc++";
				CLANG_ENABLE_MODULES = YES;
				CLANG_ENABLE_OBJC_ARC = YES;
				CLANG_ENABLE_OBJC_WEAK = YES;
				CLANG_WARN_BLOCK_CAPTURE_AUTORELEASING = YES;
				CLANG_WARN_BOOL_CONVERSION = YES;
				CLANG_WARN_COMMA = YES;
				CLANG_WARN_CONSTANT_CONVERSION = YES;
				CLANG_WARN_DEPRECATED_OBJC_IMPLEMENTATIONS = YES;
				CLANG_WARN_DIRECT_OBJC_ISA_USAGE = YES_ERROR;
				CLANG_WARN_DOCUMENTATION_COMMENTS = YES;
				CLANG_WARN_EMPTY_BODY = YES;
				CLANG_WARN_ENUM_CONVERSION = YES;
				CLANG_WARN_INFINITE_RECURSION = YES;
				CLANG_WARN_INT_CONVERSION = YES;
				CLANG_WARN_NON_LITERAL_NULL_CONVERSION = YES;
				CLANG_WARN_OBJC_IMPLICIT_RETAIN_SELF = YES;
				CLANG_WARN_OBJC_LITERAL_CONVERSION = YES;
				CLANG_WARN_OBJC_ROOT_CLASS = YES_ERROR;
				CLANG_WARN_RANGE_LOOP_ANALYSIS = YES;
				CLANG_WARN_STRICT_PROTOTYPES = YES;
				CLANG_WARN_SUSPICIOUS_MOVE = YES;
				CLANG_WARN_UNGUARDED_AVAILABILITY = YES_AGGRESSIVE;
				CLANG_WARN_UNREACHABLE_CODE = YES;
				CLANG_WARN__DUPLICATE_METHOD_MATCH = YES;
				CODE_SIGN_IDENTITY = "iPhone Developer";
				COPY_PHASE_STRIP = NO;
				DEBUG_INFORMATION_FORMAT = "dwarf-with-dsym";
				ENABLE_NS_ASSERTIONS = NO;
				ENABLE_STRICT_OBJC_MSGSEND = YES;
				GCC_C_LANGUAGE_STANDARD = gnu11;
				GCC_NO_COMMON_BLOCKS = YES;
				GCC_WARN_64_TO_32_BIT_CONVERSION = YES;
				GCC_WARN_ABOUT_RETURN_TYPE = YES_ERROR;
				GCC_WARN_UNDECLARED_SELECTOR = YES;
				GCC_WARN_UNINITIALIZED_AUTOS = YES_AGGRESSIVE;
				GCC_WARN_UNUSED_FUNCTION = YES;
				GCC_WARN_UNUSED_VARIABLE = YES;
				IPHONEOS_DEPLOYMENT_TARGET = 11.3;
				MTL_ENABLE_DEBUG_INFO = NO;
				SDKROOT = iphoneos;
				SWIFT_COMPILATION_MODE = wholemodule;
				SWIFT_OPTIMIZATION_LEVEL = "-O";
				VALIDATE_PRODUCT = YES;
			};
			name = Release;
		};
		16C1071220617E5100935285 /* Debug */ = {
			isa = XCBuildConfiguration;
			buildSettings = {
				ASSETCATALOG_COMPILER_APPICON_NAME = AppIcon;
				CODE_SIGN_STYLE = Automatic;
				DEVELOPMENT_TEAM = 4FNJNUQ3AD;
				INFOPLIST_FILE = FieldObservations/Info.plist;
				LD_RUNPATH_SEARCH_PATHS = (
					"$(inherited)",
					"@executable_path/Frameworks",
				);
				PRODUCT_BUNDLE_IDENTIFIER = me.jacobsokora.FieldObservations;
				PRODUCT_NAME = "$(TARGET_NAME)";
				SWIFT_VERSION = 4.0;
				TARGETED_DEVICE_FAMILY = "1,2";
			};
			name = Debug;
		};
		16C1071320617E5100935285 /* Release */ = {
			isa = XCBuildConfiguration;
			buildSettings = {
				ASSETCATALOG_COMPILER_APPICON_NAME = AppIcon;
				CODE_SIGN_STYLE = Automatic;
				DEVELOPMENT_TEAM = 4FNJNUQ3AD;
				INFOPLIST_FILE = FieldObservations/Info.plist;
				LD_RUNPATH_SEARCH_PATHS = (
					"$(inherited)",
					"@executable_path/Frameworks",
				);
				PRODUCT_BUNDLE_IDENTIFIER = me.jacobsokora.FieldObservations;
				PRODUCT_NAME = "$(TARGET_NAME)";
				SWIFT_VERSION = 4.0;
				TARGETED_DEVICE_FAMILY = "1,2";
			};
			name = Release;
		};
		16C1071520617E5100935285 /* Debug */ = {
			isa = XCBuildConfiguration;
			buildSettings = {
				ALWAYS_EMBED_SWIFT_STANDARD_LIBRARIES = YES;
				BUNDLE_LOADER = "$(TEST_HOST)";
				CODE_SIGN_STYLE = Automatic;
				DEVELOPMENT_TEAM = 4FNJNUQ3AD;
				INFOPLIST_FILE = FieldObservationsTests/Info.plist;
				LD_RUNPATH_SEARCH_PATHS = (
					"$(inherited)",
					"@executable_path/Frameworks",
					"@loader_path/Frameworks",
				);
				PRODUCT_BUNDLE_IDENTIFIER = me.jacobsokora.FieldObservationsTests;
				PRODUCT_NAME = "$(TARGET_NAME)";
				SWIFT_VERSION = 4.0;
				TARGETED_DEVICE_FAMILY = "1,2";
				TEST_HOST = "$(BUILT_PRODUCTS_DIR)/FieldObservations.app/FieldObservations";
			};
			name = Debug;
		};
		16C1071620617E5100935285 /* Release */ = {
			isa = XCBuildConfiguration;
			buildSettings = {
				ALWAYS_EMBED_SWIFT_STANDARD_LIBRARIES = YES;
				BUNDLE_LOADER = "$(TEST_HOST)";
				CODE_SIGN_STYLE = Automatic;
				DEVELOPMENT_TEAM = 4FNJNUQ3AD;
				INFOPLIST_FILE = FieldObservationsTests/Info.plist;
				LD_RUNPATH_SEARCH_PATHS = (
					"$(inherited)",
					"@executable_path/Frameworks",
					"@loader_path/Frameworks",
				);
				PRODUCT_BUNDLE_IDENTIFIER = me.jacobsokora.FieldObservationsTests;
				PRODUCT_NAME = "$(TARGET_NAME)";
				SWIFT_VERSION = 4.0;
				TARGETED_DEVICE_FAMILY = "1,2";
				TEST_HOST = "$(BUILT_PRODUCTS_DIR)/FieldObservations.app/FieldObservations";
			};
			name = Release;
		};
		16C1071820617E5100935285 /* Debug */ = {
			isa = XCBuildConfiguration;
			buildSettings = {
				ALWAYS_EMBED_SWIFT_STANDARD_LIBRARIES = YES;
				CODE_SIGN_STYLE = Automatic;
				DEVELOPMENT_TEAM = 4FNJNUQ3AD;
				INFOPLIST_FILE = FieldObservationsUITests/Info.plist;
				LD_RUNPATH_SEARCH_PATHS = (
					"$(inherited)",
					"@executable_path/Frameworks",
					"@loader_path/Frameworks",
				);
				PRODUCT_BUNDLE_IDENTIFIER = me.jacobsokora.FieldObservationsUITests;
				PRODUCT_NAME = "$(TARGET_NAME)";
				SWIFT_VERSION = 4.0;
				TARGETED_DEVICE_FAMILY = "1,2";
				TEST_TARGET_NAME = FieldObservations;
			};
			name = Debug;
		};
		16C1071920617E5100935285 /* Release */ = {
			isa = XCBuildConfiguration;
			buildSettings = {
				ALWAYS_EMBED_SWIFT_STANDARD_LIBRARIES = YES;
				CODE_SIGN_STYLE = Automatic;
				DEVELOPMENT_TEAM = 4FNJNUQ3AD;
				INFOPLIST_FILE = FieldObservationsUITests/Info.plist;
				LD_RUNPATH_SEARCH_PATHS = (
					"$(inherited)",
					"@executable_path/Frameworks",
					"@loader_path/Frameworks",
				);
				PRODUCT_BUNDLE_IDENTIFIER = me.jacobsokora.FieldObservationsUITests;
				PRODUCT_NAME = "$(TARGET_NAME)";
				SWIFT_VERSION = 4.0;
				TARGETED_DEVICE_FAMILY = "1,2";
				TEST_TARGET_NAME = FieldObservations;
			};
			name = Release;
		};
/* End XCBuildConfiguration section */

/* Begin XCConfigurationList section */
		16C106E120617E4F00935285 /* Build configuration list for PBXProject "FieldObservations" */ = {
			isa = XCConfigurationList;
			buildConfigurations = (
				16C1070F20617E5100935285 /* Debug */,
				16C1071020617E5100935285 /* Release */,
			);
			defaultConfigurationIsVisible = 0;
			defaultConfigurationName = Release;
		};
		16C1071120617E5100935285 /* Build configuration list for PBXNativeTarget "FieldObservations" */ = {
			isa = XCConfigurationList;
			buildConfigurations = (
				16C1071220617E5100935285 /* Debug */,
				16C1071320617E5100935285 /* Release */,
			);
			defaultConfigurationIsVisible = 0;
			defaultConfigurationName = Release;
		};
		16C1071420617E5100935285 /* Build configuration list for PBXNativeTarget "FieldObservationsTests" */ = {
			isa = XCConfigurationList;
			buildConfigurations = (
				16C1071520617E5100935285 /* Debug */,
				16C1071620617E5100935285 /* Release */,
			);
			defaultConfigurationIsVisible = 0;
			defaultConfigurationName = Release;
		};
		16C1071720617E5100935285 /* Build configuration list for PBXNativeTarget "FieldObservationsUITests" */ = {
			isa = XCConfigurationList;
			buildConfigurations = (
				16C1071820617E5100935285 /* Debug */,
				16C1071920617E5100935285 /* Release */,
			);
			defaultConfigurationIsVisible = 0;
			defaultConfigurationName = Release;
		};
/* End XCConfigurationList section */
	};
	rootObject = 16C106DE20617E4F00935285 /* Project object */;
}
